{
  "name": "demo-jfog-lib-consumer",
  "version": "1.0.0",
  "lockfileVersion": 3,
  "requires": true,
  "packages": {
    "": {
      "name": "demo-jfog-lib-consumer",
      "version": "1.0.0",
      "license": "ISC",
      "dependencies": {
        "@navneetgzb/jfrog-demo-lib": "^1.0.0"
      }
    },
    "node_modules/@navneetgzb/jfrog-demo-lib": {
      "version": "1.0.0",
      "resolved": "https://trialcentific.jfrog.io/artifactory/api/npm/jfog-demo/@navneetgzb/jfrog-demo-lib/-/@navneetgzb/jfrog-demo-lib-1.0.0.tgz",
      "integrity": "sha512-vcUvNpWsoSk24pYQpxtVaeIqrkMx2KlhYIgzZwH4BJFxsBnI3CySa2NLrhVeaqJJhk9IuinFe30wYFbmk8D9zg==",
      "license": "MIT"
    }
  }
}
